
Microsoft Visual Studio Solution File, Format Version 12.00
# Visual Studio Version 16
VisualStudioVersion = 16.0.29123.88
MinimumVisualStudioVersion = 10.0.40219.1
Project("{FAE04EC0-301F-11D3-BF4B-00C04F79EFBC}") = "Steuerelemente.Android", "Steuerelemente\Steuerelemente.Android\Steuerelemente.Android.csproj", "{89EEC96B-FE94-4A2A-B484-6064053E54E3}"
EndProject
Project("{FAE04EC0-301F-11D3-BF4B-00C04F79EFBC}") = "Steuerelemente", "Steuerelemente\Steuerelemente\Steuerelemente.csproj", "{C75E449E-311F-4830-BBE2-02D38EE1BC75}"
EndProject
Global
	GlobalSection(SolutionConfigurationPlatforms) = preSolution
		Debug|Any CPU = Debug|Any CPU
		Release|Any CPU = Release|Any CPU
	EndGlobalSection
	GlobalSection(ProjectConfigurationPlatforms) = postSolution
		{89EEC96B-FE94-4A2A-B484-6064053E54E3}.Debug|Any CPU.ActiveCfg = Debug|Any CPU
		{89EEC96B-FE94-4A2A-B484-6064053E54E3}.Debug|Any CPU.Build.0 = Debug|Any CPU
		{89EEC96B-FE94-4A2A-B484-6064053E54E3}.Debug|Any CPU.Deploy.0 = Debug|Any CPU
		{89EEC96B-FE94-4A2A-B484-6064053E54E3}.Release|Any CPU.ActiveCfg = Release|Any CPU
		{89EEC96B-FE94-4A2A-B484-6064053E54E3}.Release|Any CPU.Build.0 = Release|Any CPU
		{89EEC96B-FE94-4A2A-B484-6064053E54E3}.Release|Any CPU.Deploy.0 = Release|Any CPU
		{C75E449E-311F-4830-BBE2-02D38EE1BC75}.Debug|Any CPU.ActiveCfg = Debug|Any CPU
		{C75E449E-311F-4830-BBE2-02D38EE1BC75}.Debug|Any CPU.Build.0 = Debug|Any CPU
		{C75E449E-311F-4830-BBE2-02D38EE1BC75}.Debug|Any CPU.Deploy.0 = Debug|Any CPU
		{C75E449E-311F-4830-BBE2-02D38EE1BC75}.Release|Any CPU.ActiveCfg = Release|Any CPU
		{C75E449E-311F-4830-BBE2-02D38EE1BC75}.Release|Any CPU.Build.0 = Release|Any CPU
		{C75E449E-311F-4830-BBE2-02D38EE1BC75}.Release|Any CPU.Deploy.0 = Release|Any CPU
	EndGlobalSection
	GlobalSection(SolutionProperties) = preSolution
		HideSolutionNode = FALSE
	EndGlobalSection
	GlobalSection(ExtensibilityGlobals) = postSolution
		SolutionGuid = {AC17B901-C301-4E97-8162-5ED3F2AE7C55}
	EndGlobalSection
EndGlobal
