
Microsoft Visual Studio Solution File, Format Version 12.00
# Visual Studio Version 16
VisualStudioVersion = 16.0.29123.88
MinimumVisualStudioVersion = 10.0.40219.1
Project("{FAE04EC0-301F-11D3-BF4B-00C04F79EFBC}") = "DataBinding.Android", "DataBinding\DataBinding.Android\DataBinding.Android.csproj", "{78D5ED2B-BEF7-44A7-AF9A-6CA0D4B103BB}"
EndProject
Project("{FAE04EC0-301F-11D3-BF4B-00C04F79EFBC}") = "DataBinding", "DataBinding\DataBinding\DataBinding.csproj", "{B53D7AE1-0778-479E-A124-B3A95ECF00A8}"
EndProject
Global
	GlobalSection(SolutionConfigurationPlatforms) = preSolution
		Debug|Any CPU = Debug|Any CPU
		Release|Any CPU = Release|Any CPU
	EndGlobalSection
	GlobalSection(ProjectConfigurationPlatforms) = postSolution
		{78D5ED2B-BEF7-44A7-AF9A-6CA0D4B103BB}.Debug|Any CPU.ActiveCfg = Debug|Any CPU
		{78D5ED2B-BEF7-44A7-AF9A-6CA0D4B103BB}.Debug|Any CPU.Build.0 = Debug|Any CPU
		{78D5ED2B-BEF7-44A7-AF9A-6CA0D4B103BB}.Debug|Any CPU.Deploy.0 = Debug|Any CPU
		{78D5ED2B-BEF7-44A7-AF9A-6CA0D4B103BB}.Release|Any CPU.ActiveCfg = Release|Any CPU
		{78D5ED2B-BEF7-44A7-AF9A-6CA0D4B103BB}.Release|Any CPU.Build.0 = Release|Any CPU
		{78D5ED2B-BEF7-44A7-AF9A-6CA0D4B103BB}.Release|Any CPU.Deploy.0 = Release|Any CPU
		{B53D7AE1-0778-479E-A124-B3A95ECF00A8}.Debug|Any CPU.ActiveCfg = Debug|Any CPU
		{B53D7AE1-0778-479E-A124-B3A95ECF00A8}.Debug|Any CPU.Build.0 = Debug|Any CPU
		{B53D7AE1-0778-479E-A124-B3A95ECF00A8}.Debug|Any CPU.Deploy.0 = Debug|Any CPU
		{B53D7AE1-0778-479E-A124-B3A95ECF00A8}.Release|Any CPU.ActiveCfg = Release|Any CPU
		{B53D7AE1-0778-479E-A124-B3A95ECF00A8}.Release|Any CPU.Build.0 = Release|Any CPU
		{B53D7AE1-0778-479E-A124-B3A95ECF00A8}.Release|Any CPU.Deploy.0 = Release|Any CPU
	EndGlobalSection
	GlobalSection(SolutionProperties) = preSolution
		HideSolutionNode = FALSE
	EndGlobalSection
	GlobalSection(ExtensibilityGlobals) = postSolution
		SolutionGuid = {BFB06A6B-499E-428C-B39B-461A896850C8}
	EndGlobalSection
EndGlobal
