
Microsoft Visual Studio Solution File, Format Version 12.00
# Visual Studio Version 16
VisualStudioVersion = 16.0.29123.88
MinimumVisualStudioVersion = 10.0.40219.1
Project("{FAE04EC0-301F-11D3-BF4B-00C04F79EFBC}") = "HalloXamarin.UWP", "HalloXamarin\HalloXamarin.UWP\HalloXamarin.UWP.csproj", "{8E358A28-F7F3-43FF-A501-3563866CDE29}"
EndProject
Project("{FAE04EC0-301F-11D3-BF4B-00C04F79EFBC}") = "HalloXamarin.Android", "HalloXamarin\HalloXamarin.Android\HalloXamarin.Android.csproj", "{F5273FEC-5056-4374-A52E-603476D51BA8}"
EndProject
Project("{FAE04EC0-301F-11D3-BF4B-00C04F79EFBC}") = "HalloXamarin.iOS", "HalloXamarin\HalloXamarin.iOS\HalloXamarin.iOS.csproj", "{B508E90A-6B02-4CD5-8C0B-F3547825F303}"
EndProject
Project("{FAE04EC0-301F-11D3-BF4B-00C04F79EFBC}") = "HalloXamarin", "HalloXamarin\HalloXamarin\HalloXamarin.csproj", "{239DE9DC-0221-40BB-AEBE-1E025A1BA824}"
EndProject
Global
	GlobalSection(SolutionConfigurationPlatforms) = preSolution
		Debug|Any CPU = Debug|Any CPU
		Debug|ARM = Debug|ARM
		Debug|iPhone = Debug|iPhone
		Debug|iPhoneSimulator = Debug|iPhoneSimulator
		Debug|x64 = Debug|x64
		Debug|x86 = Debug|x86
		Release|Any CPU = Release|Any CPU
		Release|ARM = Release|ARM
		Release|iPhone = Release|iPhone
		Release|iPhoneSimulator = Release|iPhoneSimulator
		Release|x64 = Release|x64
		Release|x86 = Release|x86
	EndGlobalSection
	GlobalSection(ProjectConfigurationPlatforms) = postSolution
		{8E358A28-F7F3-43FF-A501-3563866CDE29}.Debug|Any CPU.ActiveCfg = Debug|x86
		{8E358A28-F7F3-43FF-A501-3563866CDE29}.Debug|Any CPU.Build.0 = Debug|x86
		{8E358A28-F7F3-43FF-A501-3563866CDE29}.Debug|Any CPU.Deploy.0 = Debug|x86
		{8E358A28-F7F3-43FF-A501-3563866CDE29}.Debug|ARM.ActiveCfg = Debug|ARM
		{8E358A28-F7F3-43FF-A501-3563866CDE29}.Debug|ARM.Build.0 = Debug|ARM
		{8E358A28-F7F3-43FF-A501-3563866CDE29}.Debug|ARM.Deploy.0 = Debug|ARM
		{8E358A28-F7F3-43FF-A501-3563866CDE29}.Debug|iPhone.ActiveCfg = Debug|x86
		{8E358A28-F7F3-43FF-A501-3563866CDE29}.Debug|iPhone.Build.0 = Debug|x86
		{8E358A28-F7F3-43FF-A501-3563866CDE29}.Debug|iPhone.Deploy.0 = Debug|x86
		{8E358A28-F7F3-43FF-A501-3563866CDE29}.Debug|iPhoneSimulator.ActiveCfg = Debug|x86
		{8E358A28-F7F3-43FF-A501-3563866CDE29}.Debug|iPhoneSimulator.Build.0 = Debug|x86
		{8E358A28-F7F3-43FF-A501-3563866CDE29}.Debug|iPhoneSimulator.Deploy.0 = Debug|x86
		{8E358A28-F7F3-43FF-A501-3563866CDE29}.Debug|x64.ActiveCfg = Debug|x64
		{8E358A28-F7F3-43FF-A501-3563866CDE29}.Debug|x64.Build.0 = Debug|x64
		{8E358A28-F7F3-43FF-A501-3563866CDE29}.Debug|x64.Deploy.0 = Debug|x64
		{8E358A28-F7F3-43FF-A501-3563866CDE29}.Debug|x86.ActiveCfg = Debug|x86
		{8E358A28-F7F3-43FF-A501-3563866CDE29}.Debug|x86.Build.0 = Debug|x86
		{8E358A28-F7F3-43FF-A501-3563866CDE29}.Debug|x86.Deploy.0 = Debug|x86
		{8E358A28-F7F3-43FF-A501-3563866CDE29}.Release|Any CPU.ActiveCfg = Release|x86
		{8E358A28-F7F3-43FF-A501-3563866CDE29}.Release|Any CPU.Build.0 = Release|x86
		{8E358A28-F7F3-43FF-A501-3563866CDE29}.Release|Any CPU.Deploy.0 = Release|x86
		{8E358A28-F7F3-43FF-A501-3563866CDE29}.Release|ARM.ActiveCfg = Release|ARM
		{8E358A28-F7F3-43FF-A501-3563866CDE29}.Release|ARM.Build.0 = Release|ARM
		{8E358A28-F7F3-43FF-A501-3563866CDE29}.Release|ARM.Deploy.0 = Release|ARM
		{8E358A28-F7F3-43FF-A501-3563866CDE29}.Release|iPhone.ActiveCfg = Release|x86
		{8E358A28-F7F3-43FF-A501-3563866CDE29}.Release|iPhone.Build.0 = Release|x86
		{8E358A28-F7F3-43FF-A501-3563866CDE29}.Release|iPhone.Deploy.0 = Release|x86
		{8E358A28-F7F3-43FF-A501-3563866CDE29}.Release|iPhoneSimulator.ActiveCfg = Release|x86
		{8E358A28-F7F3-43FF-A501-3563866CDE29}.Release|iPhoneSimulator.Build.0 = Release|x86
		{8E358A28-F7F3-43FF-A501-3563866CDE29}.Release|iPhoneSimulator.Deploy.0 = Release|x86
		{8E358A28-F7F3-43FF-A501-3563866CDE29}.Release|x64.ActiveCfg = Release|x64
		{8E358A28-F7F3-43FF-A501-3563866CDE29}.Release|x64.Build.0 = Release|x64
		{8E358A28-F7F3-43FF-A501-3563866CDE29}.Release|x64.Deploy.0 = Release|x64
		{8E358A28-F7F3-43FF-A501-3563866CDE29}.Release|x86.ActiveCfg = Release|x86
		{8E358A28-F7F3-43FF-A501-3563866CDE29}.Release|x86.Build.0 = Release|x86
		{8E358A28-F7F3-43FF-A501-3563866CDE29}.Release|x86.Deploy.0 = Release|x86
		{F5273FEC-5056-4374-A52E-603476D51BA8}.Debug|Any CPU.ActiveCfg = Debug|Any CPU
		{F5273FEC-5056-4374-A52E-603476D51BA8}.Debug|Any CPU.Build.0 = Debug|Any CPU
		{F5273FEC-5056-4374-A52E-603476D51BA8}.Debug|Any CPU.Deploy.0 = Debug|Any CPU
		{F5273FEC-5056-4374-A52E-603476D51BA8}.Debug|ARM.ActiveCfg = Debug|Any CPU
		{F5273FEC-5056-4374-A52E-603476D51BA8}.Debug|ARM.Build.0 = Debug|Any CPU
		{F5273FEC-5056-4374-A52E-603476D51BA8}.Debug|ARM.Deploy.0 = Debug|Any CPU
		{F5273FEC-5056-4374-A52E-603476D51BA8}.Debug|iPhone.ActiveCfg = Debug|Any CPU
		{F5273FEC-5056-4374-A52E-603476D51BA8}.Debug|iPhone.Build.0 = Debug|Any CPU
		{F5273FEC-5056-4374-A52E-603476D51BA8}.Debug|iPhone.Deploy.0 = Debug|Any CPU
		{F5273FEC-5056-4374-A52E-603476D51BA8}.Debug|iPhoneSimulator.ActiveCfg = Debug|Any CPU
		{F5273FEC-5056-4374-A52E-603476D51BA8}.Debug|iPhoneSimulator.Build.0 = Debug|Any CPU
		{F5273FEC-5056-4374-A52E-603476D51BA8}.Debug|iPhoneSimulator.Deploy.0 = Debug|Any CPU
		{F5273FEC-5056-4374-A52E-603476D51BA8}.Debug|x64.ActiveCfg = Debug|Any CPU
		{F5273FEC-5056-4374-A52E-603476D51BA8}.Debug|x64.Build.0 = Debug|Any CPU
		{F5273FEC-5056-4374-A52E-603476D51BA8}.Debug|x64.Deploy.0 = Debug|Any CPU
		{F5273FEC-5056-4374-A52E-603476D51BA8}.Debug|x86.ActiveCfg = Debug|Any CPU
		{F5273FEC-5056-4374-A52E-603476D51BA8}.Debug|x86.Build.0 = Debug|Any CPU
		{F5273FEC-5056-4374-A52E-603476D51BA8}.Debug|x86.Deploy.0 = Debug|Any CPU
		{F5273FEC-5056-4374-A52E-603476D51BA8}.Release|Any CPU.ActiveCfg = Release|Any CPU
		{F5273FEC-5056-4374-A52E-603476D51BA8}.Release|Any CPU.Build.0 = Release|Any CPU
		{F5273FEC-5056-4374-A52E-603476D51BA8}.Release|Any CPU.Deploy.0 = Release|Any CPU
		{F5273FEC-5056-4374-A52E-603476D51BA8}.Release|ARM.ActiveCfg = Release|Any CPU
		{F5273FEC-5056-4374-A52E-603476D51BA8}.Release|ARM.Build.0 = Release|Any CPU
		{F5273FEC-5056-4374-A52E-603476D51BA8}.Release|ARM.Deploy.0 = Release|Any CPU
		{F5273FEC-5056-4374-A52E-603476D51BA8}.Release|iPhone.ActiveCfg = Release|Any CPU
		{F5273FEC-5056-4374-A52E-603476D51BA8}.Release|iPhone.Build.0 = Release|Any CPU
		{F5273FEC-5056-4374-A52E-603476D51BA8}.Release|iPhone.Deploy.0 = Release|Any CPU
		{F5273FEC-5056-4374-A52E-603476D51BA8}.Release|iPhoneSimulator.ActiveCfg = Release|Any CPU
		{F5273FEC-5056-4374-A52E-603476D51BA8}.Release|iPhoneSimulator.Build.0 = Release|Any CPU
		{F5273FEC-5056-4374-A52E-603476D51BA8}.Release|iPhoneSimulator.Deploy.0 = Release|Any CPU
		{F5273FEC-5056-4374-A52E-603476D51BA8}.Release|x64.ActiveCfg = Release|Any CPU
		{F5273FEC-5056-4374-A52E-603476D51BA8}.Release|x64.Build.0 = Release|Any CPU
		{F5273FEC-5056-4374-A52E-603476D51BA8}.Release|x64.Deploy.0 = Release|Any CPU
		{F5273FEC-5056-4374-A52E-603476D51BA8}.Release|x86.ActiveCfg = Release|Any CPU
		{F5273FEC-5056-4374-A52E-603476D51BA8}.Release|x86.Build.0 = Release|Any CPU
		{F5273FEC-5056-4374-A52E-603476D51BA8}.Release|x86.Deploy.0 = Release|Any CPU
		{B508E90A-6B02-4CD5-8C0B-F3547825F303}.Debug|Any CPU.ActiveCfg = Debug|iPhone
		{B508E90A-6B02-4CD5-8C0B-F3547825F303}.Debug|Any CPU.Build.0 = Debug|iPhone
		{B508E90A-6B02-4CD5-8C0B-F3547825F303}.Debug|Any CPU.Deploy.0 = Debug|iPhone
		{B508E90A-6B02-4CD5-8C0B-F3547825F303}.Debug|ARM.ActiveCfg = Debug|iPhoneSimulator
		{B508E90A-6B02-4CD5-8C0B-F3547825F303}.Debug|ARM.Build.0 = Debug|iPhoneSimulator
		{B508E90A-6B02-4CD5-8C0B-F3547825F303}.Debug|ARM.Deploy.0 = Debug|iPhoneSimulator
		{B508E90A-6B02-4CD5-8C0B-F3547825F303}.Debug|iPhone.ActiveCfg = Debug|iPhone
		{B508E90A-6B02-4CD5-8C0B-F3547825F303}.Debug|iPhone.Build.0 = Debug|iPhone
		{B508E90A-6B02-4CD5-8C0B-F3547825F303}.Debug|iPhone.Deploy.0 = Debug|iPhone
		{B508E90A-6B02-4CD5-8C0B-F3547825F303}.Debug|iPhoneSimulator.ActiveCfg = Debug|iPhoneSimulator
		{B508E90A-6B02-4CD5-8C0B-F3547825F303}.Debug|iPhoneSimulator.Build.0 = Debug|iPhoneSimulator
		{B508E90A-6B02-4CD5-8C0B-F3547825F303}.Debug|iPhoneSimulator.Deploy.0 = Debug|iPhoneSimulator
		{B508E90A-6B02-4CD5-8C0B-F3547825F303}.Debug|x64.ActiveCfg = Debug|iPhone
		{B508E90A-6B02-4CD5-8C0B-F3547825F303}.Debug|x64.Build.0 = Debug|iPhone
		{B508E90A-6B02-4CD5-8C0B-F3547825F303}.Debug|x64.Deploy.0 = Debug|iPhone
		{B508E90A-6B02-4CD5-8C0B-F3547825F303}.Debug|x86.ActiveCfg = Debug|iPhone
		{B508E90A-6B02-4CD5-8C0B-F3547825F303}.Debug|x86.Build.0 = Debug|iPhone
		{B508E90A-6B02-4CD5-8C0B-F3547825F303}.Debug|x86.Deploy.0 = Debug|iPhone
		{B508E90A-6B02-4CD5-8C0B-F3547825F303}.Release|Any CPU.ActiveCfg = Release|iPhone
		{B508E90A-6B02-4CD5-8C0B-F3547825F303}.Release|Any CPU.Build.0 = Release|iPhone
		{B508E90A-6B02-4CD5-8C0B-F3547825F303}.Release|Any CPU.Deploy.0 = Release|iPhone
		{B508E90A-6B02-4CD5-8C0B-F3547825F303}.Release|ARM.ActiveCfg = Release|iPhone
		{B508E90A-6B02-4CD5-8C0B-F3547825F303}.Release|ARM.Build.0 = Release|iPhone
		{B508E90A-6B02-4CD5-8C0B-F3547825F303}.Release|ARM.Deploy.0 = Release|iPhone
		{B508E90A-6B02-4CD5-8C0B-F3547825F303}.Release|iPhone.ActiveCfg = Release|iPhone
		{B508E90A-6B02-4CD5-8C0B-F3547825F303}.Release|iPhone.Build.0 = Release|iPhone
		{B508E90A-6B02-4CD5-8C0B-F3547825F303}.Release|iPhone.Deploy.0 = Release|iPhone
		{B508E90A-6B02-4CD5-8C0B-F3547825F303}.Release|iPhoneSimulator.ActiveCfg = Release|iPhoneSimulator
		{B508E90A-6B02-4CD5-8C0B-F3547825F303}.Release|iPhoneSimulator.Build.0 = Release|iPhoneSimulator
		{B508E90A-6B02-4CD5-8C0B-F3547825F303}.Release|iPhoneSimulator.Deploy.0 = Release|iPhoneSimulator
		{B508E90A-6B02-4CD5-8C0B-F3547825F303}.Release|x64.ActiveCfg = Release|iPhone
		{B508E90A-6B02-4CD5-8C0B-F3547825F303}.Release|x64.Build.0 = Release|iPhone
		{B508E90A-6B02-4CD5-8C0B-F3547825F303}.Release|x64.Deploy.0 = Release|iPhone
		{B508E90A-6B02-4CD5-8C0B-F3547825F303}.Release|x86.ActiveCfg = Release|iPhone
		{B508E90A-6B02-4CD5-8C0B-F3547825F303}.Release|x86.Build.0 = Release|iPhone
		{B508E90A-6B02-4CD5-8C0B-F3547825F303}.Release|x86.Deploy.0 = Release|iPhone
		{239DE9DC-0221-40BB-AEBE-1E025A1BA824}.Debug|Any CPU.ActiveCfg = Debug|Any CPU
		{239DE9DC-0221-40BB-AEBE-1E025A1BA824}.Debug|Any CPU.Build.0 = Debug|Any CPU
		{239DE9DC-0221-40BB-AEBE-1E025A1BA824}.Debug|Any CPU.Deploy.0 = Debug|Any CPU
		{239DE9DC-0221-40BB-AEBE-1E025A1BA824}.Debug|ARM.ActiveCfg = Debug|Any CPU
		{239DE9DC-0221-40BB-AEBE-1E025A1BA824}.Debug|ARM.Build.0 = Debug|Any CPU
		{239DE9DC-0221-40BB-AEBE-1E025A1BA824}.Debug|ARM.Deploy.0 = Debug|Any CPU
		{239DE9DC-0221-40BB-AEBE-1E025A1BA824}.Debug|iPhone.ActiveCfg = Debug|Any CPU
		{239DE9DC-0221-40BB-AEBE-1E025A1BA824}.Debug|iPhone.Build.0 = Debug|Any CPU
		{239DE9DC-0221-40BB-AEBE-1E025A1BA824}.Debug|iPhone.Deploy.0 = Debug|Any CPU
		{239DE9DC-0221-40BB-AEBE-1E025A1BA824}.Debug|iPhoneSimulator.ActiveCfg = Debug|Any CPU
		{239DE9DC-0221-40BB-AEBE-1E025A1BA824}.Debug|iPhoneSimulator.Build.0 = Debug|Any CPU
		{239DE9DC-0221-40BB-AEBE-1E025A1BA824}.Debug|iPhoneSimulator.Deploy.0 = Debug|Any CPU
		{239DE9DC-0221-40BB-AEBE-1E025A1BA824}.Debug|x64.ActiveCfg = Debug|Any CPU
		{239DE9DC-0221-40BB-AEBE-1E025A1BA824}.Debug|x64.Build.0 = Debug|Any CPU
		{239DE9DC-0221-40BB-AEBE-1E025A1BA824}.Debug|x64.Deploy.0 = Debug|Any CPU
		{239DE9DC-0221-40BB-AEBE-1E025A1BA824}.Debug|x86.ActiveCfg = Debug|Any CPU
		{239DE9DC-0221-40BB-AEBE-1E025A1BA824}.Debug|x86.Build.0 = Debug|Any CPU
		{239DE9DC-0221-40BB-AEBE-1E025A1BA824}.Debug|x86.Deploy.0 = Debug|Any CPU
		{239DE9DC-0221-40BB-AEBE-1E025A1BA824}.Release|Any CPU.ActiveCfg = Release|Any CPU
		{239DE9DC-0221-40BB-AEBE-1E025A1BA824}.Release|Any CPU.Build.0 = Release|Any CPU
		{239DE9DC-0221-40BB-AEBE-1E025A1BA824}.Release|Any CPU.Deploy.0 = Release|Any CPU
		{239DE9DC-0221-40BB-AEBE-1E025A1BA824}.Release|ARM.ActiveCfg = Release|Any CPU
		{239DE9DC-0221-40BB-AEBE-1E025A1BA824}.Release|ARM.Build.0 = Release|Any CPU
		{239DE9DC-0221-40BB-AEBE-1E025A1BA824}.Release|ARM.Deploy.0 = Release|Any CPU
		{239DE9DC-0221-40BB-AEBE-1E025A1BA824}.Release|iPhone.ActiveCfg = Release|Any CPU
		{239DE9DC-0221-40BB-AEBE-1E025A1BA824}.Release|iPhone.Build.0 = Release|Any CPU
		{239DE9DC-0221-40BB-AEBE-1E025A1BA824}.Release|iPhone.Deploy.0 = Release|Any CPU
		{239DE9DC-0221-40BB-AEBE-1E025A1BA824}.Release|iPhoneSimulator.ActiveCfg = Release|Any CPU
		{239DE9DC-0221-40BB-AEBE-1E025A1BA824}.Release|iPhoneSimulator.Build.0 = Release|Any CPU
		{239DE9DC-0221-40BB-AEBE-1E025A1BA824}.Release|iPhoneSimulator.Deploy.0 = Release|Any CPU
		{239DE9DC-0221-40BB-AEBE-1E025A1BA824}.Release|x64.ActiveCfg = Release|Any CPU
		{239DE9DC-0221-40BB-AEBE-1E025A1BA824}.Release|x64.Build.0 = Release|Any CPU
		{239DE9DC-0221-40BB-AEBE-1E025A1BA824}.Release|x64.Deploy.0 = Release|Any CPU
		{239DE9DC-0221-40BB-AEBE-1E025A1BA824}.Release|x86.ActiveCfg = Release|Any CPU
		{239DE9DC-0221-40BB-AEBE-1E025A1BA824}.Release|x86.Build.0 = Release|Any CPU
		{239DE9DC-0221-40BB-AEBE-1E025A1BA824}.Release|x86.Deploy.0 = Release|Any CPU
	EndGlobalSection
	GlobalSection(SolutionProperties) = preSolution
		HideSolutionNode = FALSE
	EndGlobalSection
	GlobalSection(ExtensibilityGlobals) = postSolution
		SolutionGuid = {7BB3827B-11DF-4C9A-BB25-DB7772E38532}
	EndGlobalSection
EndGlobal
